
Microsoft Visual Studio Solution File, Format Version 12.00
# Visual Studio 15
VisualStudioVersion = 15.0.28010.2050
MinimumVisualStudioVersion = 10.0.40219.1
Project("{FAE04EC0-301F-11D3-BF4B-00C04F79EFBC}") = "RedmineOutlookAddIn", "RedmineOutlookAddIn.csproj", "{568B180D-DFFB-46C4-898D-8A9B45359765}"
EndProject
Global
	GlobalSection(SolutionConfigurationPlatforms) = preSolution
		Debug|Any CPU = Debug|Any CPU
		Release|Any CPU = Release|Any CPU
	EndGlobalSection
	GlobalSection(ProjectConfigurationPlatforms) = postSolution
		{568B180D-DFFB-46C4-898D-8A9B45359765}.Debug|Any CPU.ActiveCfg = Debug|Any CPU
		{568B180D-DFFB-46C4-898D-8A9B45359765}.Debug|Any CPU.Build.0 = Debug|Any CPU
		{568B180D-DFFB-46C4-898D-8A9B45359765}.Release|Any CPU.ActiveCfg = Release|Any CPU
		{568B180D-DFFB-46C4-898D-8A9B45359765}.Release|Any CPU.Build.0 = Release|Any CPU
	EndGlobalSection
	GlobalSection(SolutionProperties) = preSolution
		HideSolutionNode = FALSE
	EndGlobalSection
	GlobalSection(ExtensibilityGlobals) = postSolution
		SolutionGuid = {54187572-01F8-4D51-B114-C1CD19005114}
	EndGlobalSection
EndGlobal
